
Microsoft Visual Studio Solution File, Format Version 12.00
# Visual Studio Version 17
VisualStudioVersion = 17.5.002.0
MinimumVisualStudioVersion = 10.0.40219.1
Project("{9A19103F-16F7-4668-BE54-9A1E7A4F7556}") = "azurefuncs", "azurefuncs.csproj", "{41C55D24-354C-4230-86C3-88051B7B78B3}"
EndProject
Global
	GlobalSection(SolutionConfigurationPlatforms) = preSolution
		Debug|Any CPU = Debug|Any CPU
		Release|Any CPU = Release|Any CPU
	EndGlobalSection
	GlobalSection(ProjectConfigurationPlatforms) = postSolution
		{41C55D24-354C-4230-86C3-88051B7B78B3}.Debug|Any CPU.ActiveCfg = Debug|Any CPU
		{41C55D24-354C-4230-86C3-88051B7B78B3}.Debug|Any CPU.Build.0 = Debug|Any CPU
		{41C55D24-354C-4230-86C3-88051B7B78B3}.Release|Any CPU.ActiveCfg = Release|Any CPU
		{41C55D24-354C-4230-86C3-88051B7B78B3}.Release|Any CPU.Build.0 = Release|Any CPU
	EndGlobalSection
	GlobalSection(SolutionProperties) = preSolution
		HideSolutionNode = FALSE
	EndGlobalSection
	GlobalSection(ExtensibilityGlobals) = postSolution
		SolutionGuid = {3BB01153-31A1-428F-BD6D-DE587BC35115}
	EndGlobalSection
EndGlobal
